
Microsoft Visual Studio Solution File, Format Version 12.00
# Visual Studio Version 16
VisualStudioVersion = 16.0.29503.13
MinimumVisualStudioVersion = 10.0.40219.1
Project("{FAE04EC0-301F-11D3-BF4B-00C04F79EFBC}") = "Matrix", "Matrix\Matrix.csproj", "{58D3DBA4-111D-4867-A4C1-842CAB0F701F}"
EndProject
Global
	GlobalSection(SolutionConfigurationPlatforms) = preSolution
		Debug|Any CPU = Debug|Any CPU
		Release|Any CPU = Release|Any CPU
	EndGlobalSection
	GlobalSection(ProjectConfigurationPlatforms) = postSolution
		{58D3DBA4-111D-4867-A4C1-842CAB0F701F}.Debug|Any CPU.ActiveCfg = Debug|Any CPU
		{58D3DBA4-111D-4867-A4C1-842CAB0F701F}.Debug|Any CPU.Build.0 = Debug|Any CPU
		{58D3DBA4-111D-4867-A4C1-842CAB0F701F}.Release|Any CPU.ActiveCfg = Release|Any CPU
		{58D3DBA4-111D-4867-A4C1-842CAB0F701F}.Release|Any CPU.Build.0 = Release|Any CPU
	EndGlobalSection
	GlobalSection(SolutionProperties) = preSolution
		HideSolutionNode = FALSE
	EndGlobalSection
	GlobalSection(ExtensibilityGlobals) = postSolution
		SolutionGuid = {96F93442-D829-46CB-8449-0C7E12A0E2E1}
	EndGlobalSection
EndGlobal
